// !$*UTF8*$!
{
	archiveVersion = 1;
	classes = {
	};
	objectVersion = 52;
	objects = {

/* Begin PBXBuildFile section */
		1911DCA325EBE1FF003668F3 /* ExyteGrid in Frameworks */ = {isa = PBXBuildFile; productRef = 1911DCA225EBE1FF003668F3 /* ExyteGrid */; };
		1911DCA625EBE24F003668F3 /* EditorView.swift in Sources */ = {isa = PBXBuildFile; fileRef = 1911DCA525EBE24F003668F3 /* EditorView.swift */; };
		1911DCA925EBE345003668F3 /* EditorTabBar.swift in Sources */ = {isa = PBXBuildFile; fileRef = 1911DCA825EBE345003668F3 /* EditorTabBar.swift */; };
		1911DCAD25EBE3E8003668F3 /* EditorTabBarDataSource.swift in Sources */ = {isa = PBXBuildFile; fileRef = 1911DCAC25EBE3E8003668F3 /* EditorTabBarDataSource.swift */; };
		1911DCB525EC35F3003668F3 /* CustomAlert.swift in Sources */ = {isa = PBXBuildFile; fileRef = 1911DCB425EC35F3003668F3 /* CustomAlert.swift */; };
		1911DCB825EC3E8C003668F3 /* tessdata in Resources */ = {isa = PBXBuildFile; fileRef = 1911DCB725EC3E8C003668F3 /* tessdata */; };
		1911DCBB25EC5967003668F3 /* FoldersDataSource.swift in Sources */ = {isa = PBXBuildFile; fileRef = 1911DCBA25EC5967003668F3 /* FoldersDataSource.swift */; };
		1911DCBE25EC625D003668F3 /* FolderDetailScreen.swift in Sources */ = {isa = PBXBuildFile; fileRef = 1911DCBD25EC625D003668F3 /* FolderDetailScreen.swift */; };
		1912372A25ED8A340021EBE4 /* PageView.swift in Sources */ = {isa = PBXBuildFile; fileRef = 1912372925ED8A340021EBE4 /* PageView.swift */; };
		1912373425ED929F0021EBE4 /* ImagePicker.swift in Sources */ = {isa = PBXBuildFile; fileRef = 1912373325ED929F0021EBE4 /* ImagePicker.swift */; };
		1912373725ED9A3E0021EBE4 /* OCRResultsView.swift in Sources */ = {isa = PBXBuildFile; fileRef = 1912373625ED9A3E0021EBE4 /* OCRResultsView.swift */; };
		1912373A25ED9B1F0021EBE4 /* CustomTextView.swift in Sources */ = {isa = PBXBuildFile; fileRef = 1912373925ED9B1F0021EBE4 /* CustomTextView.swift */; };
		1926672E25EA482700A5ABFE /* SwiftyTesseract in Frameworks */ = {isa = PBXBuildFile; productRef = 1926672D25EA482700A5ABFE /* SwiftyTesseract */; };
		1926673C25EA526600A5ABFE /* TabBarItem.swift in Sources */ = {isa = PBXBuildFile; fileRef = 1926673B25EA526600A5ABFE /* TabBarItem.swift */; };
		1926674025EA594000A5ABFE /* TabBar.swift in Sources */ = {isa = PBXBuildFile; fileRef = 1926673F25EA594000A5ABFE /* TabBar.swift */; };
		1926674425EA59C200A5ABFE /* Constants.swift in Sources */ = {isa = PBXBuildFile; fileRef = 1926674325EA59C200A5ABFE /* Constants.swift */; };
		1926675025EA690D00A5ABFE /* Tab.swift in Sources */ = {isa = PBXBuildFile; fileRef = 1926674F25EA690D00A5ABFE /* Tab.swift */; };
		1926675425EA69C300A5ABFE /* ModalScreen.swift in Sources */ = {isa = PBXBuildFile; fileRef = 1926675325EA69C300A5ABFE /* ModalScreen.swift */; };
		1926675725EA6A4400A5ABFE /* ModalScreenShowTabButton.swift in Sources */ = {isa = PBXBuildFile; fileRef = 1926675625EA6A4400A5ABFE /* ModalScreenShowTabButton.swift */; };
		1926675A25EA6B1300A5ABFE /* CurrentScreen.swift in Sources */ = {isa = PBXBuildFile; fileRef = 1926675925EA6B1300A5ABFE /* CurrentScreen.swift */; };
		1926675D25EA6B4D00A5ABFE /* FoldersScreen.swift in Sources */ = {isa = PBXBuildFile; fileRef = 1926675C25EA6B4D00A5ABFE /* FoldersScreen.swift */; };
		1926676025EA6B9400A5ABFE /* ScreenDetails.swift in Sources */ = {isa = PBXBuildFile; fileRef = 1926675F25EA6B9400A5ABFE /* ScreenDetails.swift */; };
		1926676325EA6BE200A5ABFE /* SettingsScreenTempleate.swift in Sources */ = {isa = PBXBuildFile; fileRef = 1926676225EA6BE200A5ABFE /* SettingsScreenTempleate.swift */; };
		1926676825EA80BA00A5ABFE /* Folder.swift in Sources */ = {isa = PBXBuildFile; fileRef = 1926676725EA80BA00A5ABFE /* Folder.swift */; };
		1926676C25EA811200A5ABFE /* DataManager.swift in Sources */ = {isa = PBXBuildFile; fileRef = 1926676B25EA811200A5ABFE /* DataManager.swift */; };
		1926677625EA94B000A5ABFE /* ServiceLocator.swift in Sources */ = {isa = PBXBuildFile; fileRef = 1926677525EA94B000A5ABFE /* ServiceLocator.swift */; };
		1926677B25EA950600A5ABFE /* AppContainer.swift in Sources */ = {isa = PBXBuildFile; fileRef = 1926677A25EA950600A5ABFE /* AppContainer.swift */; };
		1926678225EA96B900A5ABFE /* ScannedDoc.swift in Sources */ = {isa = PBXBuildFile; fileRef = 1926678125EA96B900A5ABFE /* ScannedDoc.swift */; };
		1926678525EA972400A5ABFE /* PDF.swift in Sources */ = {isa = PBXBuildFile; fileRef = 1926678425EA972400A5ABFE /* PDF.swift */; };
		1926678925EA9A5A00A5ABFE /* CollectionView.swift in Sources */ = {isa = PBXBuildFile; fileRef = 1926678825EA9A5A00A5ABFE /* CollectionView.swift */; };
		1926678D25EA9B7E00A5ABFE /* GridCell.swift in Sources */ = {isa = PBXBuildFile; fileRef = 1926678C25EA9B7E00A5ABFE /* GridCell.swift */; };
		1926679125EA9BCC00A5ABFE /* FolderCellDataSource.swift in Sources */ = {isa = PBXBuildFile; fileRef = 1926679025EA9BCC00A5ABFE /* FolderCellDataSource.swift */; };
		1926679425EA9C8800A5ABFE /* UIKitExtensions.swift in Sources */ = {isa = PBXBuildFile; fileRef = 1926679325EA9C8800A5ABFE /* UIKitExtensions.swift */; };
		1926679725EAA2B800A5ABFE /* ListCell.swift in Sources */ = {isa = PBXBuildFile; fileRef = 1926679625EAA2B800A5ABFE /* ListCell.swift */; };
		1926679B25EAA56200A5ABFE /* CreateFolderView.swift in Sources */ = {isa = PBXBuildFile; fileRef = 1926679A25EAA56200A5ABFE /* CreateFolderView.swift */; };
		192667A325EAC69100A5ABFE /* CameraService.swift in Sources */ = {isa = PBXBuildFile; fileRef = 192667A225EAC69100A5ABFE /* CameraService.swift */; };
		192667A625EAC6CA00A5ABFE /* ImageResizer.swift in Sources */ = {isa = PBXBuildFile; fileRef = 192667A525EAC6CA00A5ABFE /* ImageResizer.swift */; };
		192667A925EAC7B800A5ABFE /* CameraPreview.swift in Sources */ = {isa = PBXBuildFile; fileRef = 192667A825EAC7B800A5ABFE /* CameraPreview.swift */; };
		192667AD25EAC7FE00A5ABFE /* CameraViewModel.swift in Sources */ = {isa = PBXBuildFile; fileRef = 192667AC25EAC7FE00A5ABFE /* CameraViewModel.swift */; };
		192667B125EAC85400A5ABFE /* CameraView.swift in Sources */ = {isa = PBXBuildFile; fileRef = 192667B025EAC85400A5ABFE /* CameraView.swift */; };
		192667B425EAC94E00A5ABFE /* PhotoCaptureHandler.swift in Sources */ = {isa = PBXBuildFile; fileRef = 192667B325EAC94E00A5ABFE /* PhotoCaptureHandler.swift */; };
		192667B825EACA9800A5ABFE /* Photo.swift in Sources */ = {isa = PBXBuildFile; fileRef = 192667B725EACA9800A5ABFE /* Photo.swift */; };
		192667BB25EACAE200A5ABFE /* AlertError.swift in Sources */ = {isa = PBXBuildFile; fileRef = 192667BA25EACAE200A5ABFE /* AlertError.swift */; };
		192667C025EACE5500A5ABFE /* ContainerView.swift in Sources */ = {isa = PBXBuildFile; fileRef = 192667BF25EACE5500A5ABFE /* ContainerView.swift */; };
		192667C525EAD85900A5ABFE /* ModalCamera.swift in Sources */ = {isa = PBXBuildFile; fileRef = 192667C425EAD85900A5ABFE /* ModalCamera.swift */; };
		192667CF25EAF90400A5ABFE /* VNRectangleFeature.swift in Sources */ = {isa = PBXBuildFile; fileRef = 192667CE25EAF90400A5ABFE /* VNRectangleFeature.swift */; };
		192667D225EB01D600A5ABFE /* PDFGenerator.swift in Sources */ = {isa = PBXBuildFile; fileRef = 192667D125EB01D600A5ABFE /* PDFGenerator.swift */; };
		192667D825EB082F00A5ABFE /* BiometricAuthentication.swift in Sources */ = {isa = PBXBuildFile; fileRef = 192667D725EB082F00A5ABFE /* BiometricAuthentication.swift */; };
		192667DF25EB9D0C00A5ABFE /* SwiftUIExtensions.swift in Sources */ = {isa = PBXBuildFile; fileRef = 192667DE25EB9D0C00A5ABFE /* SwiftUIExtensions.swift */; };
		192667E325EB9E6E00A5ABFE /* NavigationStack.swift in Sources */ = {isa = PBXBuildFile; fileRef = 192667E225EB9E6E00A5ABFE /* NavigationStack.swift */; };
		192667EB25EBA4AE00A5ABFE /* EditImageCell.swift in Sources */ = {isa = PBXBuildFile; fileRef = 192667EA25EBA4AE00A5ABFE /* EditImageCell.swift */; };
		192667EE25EBA4E300A5ABFE /* EditCellDataSource.swift in Sources */ = {isa = PBXBuildFile; fileRef = 192667ED25EBA4E300A5ABFE /* EditCellDataSource.swift */; };
		192667F125EBA60700A5ABFE /* Images.xcassets in Resources */ = {isa = PBXBuildFile; fileRef = 192667F025EBA60700A5ABFE /* Images.xcassets */; };
		192667F425EBA7CD00A5ABFE /* EditToolCell.swift in Sources */ = {isa = PBXBuildFile; fileRef = 192667F325EBA7CD00A5ABFE /* EditToolCell.swift */; };
		192667F725EBA81000A5ABFE /* EditToolCellDataSource.swift in Sources */ = {isa = PBXBuildFile; fileRef = 192667F625EBA81000A5ABFE /* EditToolCellDataSource.swift */; };
		192667FB25EBA92500A5ABFE /* EditTool.swift in Sources */ = {isa = PBXBuildFile; fileRef = 192667FA25EBA92500A5ABFE /* EditTool.swift */; };
		1926680125EBB84F00A5ABFE /* PhotoCollectionView.swift in Sources */ = {isa = PBXBuildFile; fileRef = 1926680025EBB84F00A5ABFE /* PhotoCollectionView.swift */; };
		1926680625EBB89300A5ABFE /* PhotoCollectionDataSource.swift in Sources */ = {isa = PBXBuildFile; fileRef = 1926680525EBB89300A5ABFE /* PhotoCollectionDataSource.swift */; };
		1926680C25EBC85C00A5ABFE /* CustomProgressView.swift in Sources */ = {isa = PBXBuildFile; fileRef = 1926680B25EBC85C00A5ABFE /* CustomProgressView.swift */; };
		1926680F25EBC8D800A5ABFE /* CustomProgressConfig.swift in Sources */ = {isa = PBXBuildFile; fileRef = 1926680E25EBC8D800A5ABFE /* CustomProgressConfig.swift */; };
		1926681325EBC99700A5ABFE /* SwiftUIVisualEffects in Frameworks */ = {isa = PBXBuildFile; productRef = 1926681225EBC99700A5ABFE /* SwiftUIVisualEffects */; };
		196C064A25FD25D900439DBB /* PopupView in Frameworks */ = {isa = PBXBuildFile; productRef = 196C064925FD25D900439DBB /* PopupView */; };
		1978BCD225D7E3160043572B /* ScanverterApp.swift in Sources */ = {isa = PBXBuildFile; fileRef = 1978BCD125D7E3160043572B /* ScanverterApp.swift */; };
		1978BCD425D7E3160043572B /* MainTabBarView.swift in Sources */ = {isa = PBXBuildFile; fileRef = 1978BCD325D7E3160043572B /* MainTabBarView.swift */; };
		1978BCD625D7E3180043572B /* Assets.xcassets in Resources */ = {isa = PBXBuildFile; fileRef = 1978BCD525D7E3180043572B /* Assets.xcassets */; };
		1978BCD925D7E3180043572B /* Preview Assets.xcassets in Resources */ = {isa = PBXBuildFile; fileRef = 1978BCD825D7E3180043572B /* Preview Assets.xcassets */; };
		19AB4C8E25F4E729009895B7 /* DocFile.swift in Sources */ = {isa = PBXBuildFile; fileRef = 19AB4C8D25F4E729009895B7 /* DocFile.swift */; };
		19AB4C9225F52D92009895B7 /* DocsDataSource.swift in Sources */ = {isa = PBXBuildFile; fileRef = 19AB4C9125F52D92009895B7 /* DocsDataSource.swift */; };
		19AB4C9525F54079009895B7 /* FileGridCell.swift in Sources */ = {isa = PBXBuildFile; fileRef = 19AB4C9425F54079009895B7 /* FileGridCell.swift */; };
		19AB4C9825F540A4009895B7 /* FileCellDataSource.swift in Sources */ = {isa = PBXBuildFile; fileRef = 19AB4C9725F540A4009895B7 /* FileCellDataSource.swift */; };
		19AB4C9B25F541D1009895B7 /* FileListCell.swift in Sources */ = {isa = PBXBuildFile; fileRef = 19AB4C9A25F541D1009895B7 /* FileListCell.swift */; };
		19AB4C9E25F547F5009895B7 /* PDFViewer.swift in Sources */ = {isa = PBXBuildFile; fileRef = 19AB4C9D25F547F5009895B7 /* PDFViewer.swift */; };
		19F7EB9225F57A470079C0B5 /* TextScannerView.swift in Sources */ = {isa = PBXBuildFile; fileRef = 19F7EB9125F57A470079C0B5 /* TextScannerView.swift */; };
		19F7EB9525F57AAA0079C0B5 /* TextRecognizer.swift in Sources */ = {isa = PBXBuildFile; fileRef = 19F7EB9425F57AAA0079C0B5 /* TextRecognizer.swift */; };
		19F7EB9825F57B3B0079C0B5 /* TextRecognizerScreen.swift in Sources */ = {isa = PBXBuildFile; fileRef = 19F7EB9725F57B3B0079C0B5 /* TextRecognizerScreen.swift */; };
		19F7EB9B25F6558D0079C0B5 /* SearchBar.swift in Sources */ = {isa = PBXBuildFile; fileRef = 19F7EB9A25F6558D0079C0B5 /* SearchBar.swift */; };
		19F7EB9E25F655D50079C0B5 /* ModalSearchScreen.swift in Sources */ = {isa = PBXBuildFile; fileRef = 19F7EB9D25F655D50079C0B5 /* ModalSearchScreen.swift */; };
		19F7EBA125F656870079C0B5 /* SearchDataSource.swift in Sources */ = {isa = PBXBuildFile; fileRef = 19F7EBA025F656870079C0B5 /* SearchDataSource.swift */; };
		19F7EBA425F685CE0079C0B5 /* Option.swift in Sources */ = {isa = PBXBuildFile; fileRef = 19F7EBA325F685CE0079C0B5 /* Option.swift */; };
		19F7EBA725F6862D0079C0B5 /* SettingsDataSource.swift in Sources */ = {isa = PBXBuildFile; fileRef = 19F7EBA625F6862D0079C0B5 /* SettingsDataSource.swift */; };
		19F7EBAB25F686AB0079C0B5 /* SettingsScreen.swift in Sources */ = {isa = PBXBuildFile; fileRef = 19F7EBAA25F686AB0079C0B5 /* SettingsScreen.swift */; };
		19F7EBAF25F687530079C0B5 /* SettingsViews.swift in Sources */ = {isa = PBXBuildFile; fileRef = 19F7EBAE25F687530079C0B5 /* SettingsViews.swift */; };
		19F7EBB325F687C90079C0B5 /* ActivityIndicator.swift in Sources */ = {isa = PBXBuildFile; fileRef = 19F7EBB225F687C90079C0B5 /* ActivityIndicator.swift */; };
/* End PBXBuildFile section */

/* Begin PBXFileReference section */
		1911DCA525EBE24F003668F3 /* EditorView.swift */ = {isa = PBXFileReference; lastKnownFileType = sourcecode.swift; path = EditorView.swift; sourceTree = "<group>"; };
		1911DCA825EBE345003668F3 /* EditorTabBar.swift */ = {isa = PBXFileReference; lastKnownFileType = sourcecode.swift; path = EditorTabBar.swift; sourceTree = "<group>"; };
		1911DCAC25EBE3E8003668F3 /* EditorTabBarDataSource.swift */ = {isa = PBXFileReference; lastKnownFileType = sourcecode.swift; path = EditorTabBarDataSource.swift; sourceTree = "<group>"; };
		1911DCB425EC35F3003668F3 /* CustomAlert.swift */ = {isa = PBXFileReference; lastKnownFileType = sourcecode.swift; path = CustomAlert.swift; sourceTree = "<group>"; };
		1911DCB725EC3E8C003668F3 /* tessdata */ = {isa = PBXFileReference; lastKnownFileType = folder; path = tessdata; sourceTree = "<group>"; };
		1911DCBA25EC5967003668F3 /* FoldersDataSource.swift */ = {isa = PBXFileReference; lastKnownFileType = sourcecode.swift; path = FoldersDataSource.swift; sourceTree = "<group>"; };
		1911DCBD25EC625D003668F3 /* FolderDetailScreen.swift */ = {isa = PBXFileReference; lastKnownFileType = sourcecode.swift; path = FolderDetailScreen.swift; sourceTree = "<group>"; };
		1912372925ED8A340021EBE4 /* PageView.swift */ = {isa = PBXFileReference; lastKnownFileType = sourcecode.swift; path = PageView.swift; sourceTree = "<group>"; };
		1912373325ED929F0021EBE4 /* ImagePicker.swift */ = {isa = PBXFileReference; lastKnownFileType = sourcecode.swift; path = ImagePicker.swift; sourceTree = "<group>"; };
		1912373625ED9A3E0021EBE4 /* OCRResultsView.swift */ = {isa = PBXFileReference; lastKnownFileType = sourcecode.swift; path = OCRResultsView.swift; sourceTree = "<group>"; };
		1912373925ED9B1F0021EBE4 /* CustomTextView.swift */ = {isa = PBXFileReference; lastKnownFileType = sourcecode.swift; path = CustomTextView.swift; sourceTree = "<group>"; };
		1926673B25EA526600A5ABFE /* TabBarItem.swift */ = {isa = PBXFileReference; lastKnownFileType = sourcecode.swift; path = TabBarItem.swift; sourceTree = "<group>"; };
		1926673F25EA594000A5ABFE /* TabBar.swift */ = {isa = PBXFileReference; lastKnownFileType = sourcecode.swift; path = TabBar.swift; sourceTree = "<group>"; };
		1926674325EA59C200A5ABFE /* Constants.swift */ = {isa = PBXFileReference; lastKnownFileType = sourcecode.swift; path = Constants.swift; sourceTree = "<group>"; };
		1926674F25EA690D00A5ABFE /* Tab.swift */ = {isa = PBXFileReference; lastKnownFileType = sourcecode.swift; path = Tab.swift; sourceTree = "<group>"; };
		1926675325EA69C300A5ABFE /* ModalScreen.swift */ = {isa = PBXFileReference; lastKnownFileType = sourcecode.swift; path = ModalScreen.swift; sourceTree = "<group>"; };
		1926675625EA6A4400A5ABFE /* ModalScreenShowTabButton.swift */ = {isa = PBXFileReference; lastKnownFileType = sourcecode.swift; path = ModalScreenShowTabButton.swift; sourceTree = "<group>"; };
		1926675925EA6B1300A5ABFE /* CurrentScreen.swift */ = {isa = PBXFileReference; lastKnownFileType = sourcecode.swift; path = CurrentScreen.swift; sourceTree = "<group>"; };
		1926675C25EA6B4D00A5ABFE /* FoldersScreen.swift */ = {isa = PBXFileReference; lastKnownFileType = sourcecode.swift; path = FoldersScreen.swift; sourceTree = "<group>"; };
		1926675F25EA6B9400A5ABFE /* ScreenDetails.swift */ = {isa = PBXFileReference; lastKnownFileType = sourcecode.swift; path = ScreenDetails.swift; sourceTree = "<group>"; };
		1926676225EA6BE200A5ABFE /* SettingsScreenTempleate.swift */ = {isa = PBXFileReference; lastKnownFileType = sourcecode.swift; path = SettingsScreenTempleate.swift; sourceTree = "<group>"; };
		1926676725EA80BA00A5ABFE /* Folder.swift */ = {isa = PBXFileReference; lastKnownFileType = sourcecode.swift; path = Folder.swift; sourceTree = "<group>"; };
		1926676B25EA811200A5ABFE /* DataManager.swift */ = {isa = PBXFileReference; lastKnownFileType = sourcecode.swift; path = DataManager.swift; sourceTree = "<group>"; };
		1926677525EA94B000A5ABFE /* ServiceLocator.swift */ = {isa = PBXFileReference; lastKnownFileType = sourcecode.swift; path = ServiceLocator.swift; sourceTree = "<group>"; };
		1926677A25EA950600A5ABFE /* AppContainer.swift */ = {isa = PBXFileReference; lastKnownFileType = sourcecode.swift; path = AppContainer.swift; sourceTree = "<group>"; };
		1926678125EA96B900A5ABFE /* ScannedDoc.swift */ = {isa = PBXFileReference; lastKnownFileType = sourcecode.swift; path = ScannedDoc.swift; sourceTree = "<group>"; };
		1926678425EA972400A5ABFE /* PDF.swift */ = {isa = PBXFileReference; lastKnownFileType = sourcecode.swift; path = PDF.swift; sourceTree = "<group>"; };
		1926678825EA9A5A00A5ABFE /* CollectionView.swift */ = {isa = PBXFileReference; lastKnownFileType = sourcecode.swift; path = CollectionView.swift; sourceTree = "<group>"; };
		1926678C25EA9B7E00A5ABFE /* GridCell.swift */ = {isa = PBXFileReference; lastKnownFileType = sourcecode.swift; path = GridCell.swift; sourceTree = "<group>"; };
		1926679025EA9BCC00A5ABFE /* FolderCellDataSource.swift */ = {isa = PBXFileReference; lastKnownFileType = sourcecode.swift; path = FolderCellDataSource.swift; sourceTree = "<group>"; };
		1926679325EA9C8800A5ABFE /* UIKitExtensions.swift */ = {isa = PBXFileReference; lastKnownFileType = sourcecode.swift; path = UIKitExtensions.swift; sourceTree = "<group>"; };
		1926679625EAA2B800A5ABFE /* ListCell.swift */ = {isa = PBXFileReference; lastKnownFileType = sourcecode.swift; path = ListCell.swift; sourceTree = "<group>"; };
		1926679A25EAA56200A5ABFE /* CreateFolderView.swift */ = {isa = PBXFileReference; lastKnownFileType = sourcecode.swift; path = CreateFolderView.swift; sourceTree = "<group>"; };
		192667A225EAC69100A5ABFE /* CameraService.swift */ = {isa = PBXFileReference; lastKnownFileType = sourcecode.swift; path = CameraService.swift; sourceTree = "<group>"; };
		192667A525EAC6CA00A5ABFE /* ImageResizer.swift */ = {isa = PBXFileReference; lastKnownFileType = sourcecode.swift; path = ImageResizer.swift; sourceTree = "<group>"; };
		192667A825EAC7B800A5ABFE /* CameraPreview.swift */ = {isa = PBXFileReference; lastKnownFileType = sourcecode.swift; path = CameraPreview.swift; sourceTree = "<group>"; };
		192667AC25EAC7FE00A5ABFE /* CameraViewModel.swift */ = {isa = PBXFileReference; lastKnownFileType = sourcecode.swift; path = CameraViewModel.swift; sourceTree = "<group>"; };
		192667B025EAC85400A5ABFE /* CameraView.swift */ = {isa = PBXFileReference; lastKnownFileType = sourcecode.swift; path = CameraView.swift; sourceTree = "<group>"; };
		192667B325EAC94E00A5ABFE /* PhotoCaptureHandler.swift */ = {isa = PBXFileReference; lastKnownFileType = sourcecode.swift; path = PhotoCaptureHandler.swift; sourceTree = "<group>"; };
		192667B725EACA9800A5ABFE /* Photo.swift */ = {isa = PBXFileReference; lastKnownFileType = sourcecode.swift; path = Photo.swift; sourceTree = "<group>"; };
		192667BA25EACAE200A5ABFE /* AlertError.swift */ = {isa = PBXFileReference; lastKnownFileType = sourcecode.swift; path = AlertError.swift; sourceTree = "<group>"; };
		192667BF25EACE5500A5ABFE /* ContainerView.swift */ = {isa = PBXFileReference; lastKnownFileType = sourcecode.swift; path = ContainerView.swift; sourceTree = "<group>"; };
		192667C425EAD85900A5ABFE /* ModalCamera.swift */ = {isa = PBXFileReference; lastKnownFileType = sourcecode.swift; path = ModalCamera.swift; sourceTree = "<group>"; };
		192667CE25EAF90400A5ABFE /* VNRectangleFeature.swift */ = {isa = PBXFileReference; lastKnownFileType = sourcecode.swift; path = VNRectangleFeature.swift; sourceTree = "<group>"; };
		192667D125EB01D600A5ABFE /* PDFGenerator.swift */ = {isa = PBXFileReference; lastKnownFileType = sourcecode.swift; path = PDFGenerator.swift; sourceTree = "<group>"; };
		192667D725EB082F00A5ABFE /* BiometricAuthentication.swift */ = {isa = PBXFileReference; lastKnownFileType = sourcecode.swift; path = BiometricAuthentication.swift; sourceTree = "<group>"; };
		192667DE25EB9D0C00A5ABFE /* SwiftUIExtensions.swift */ = {isa = PBXFileReference; lastKnownFileType = sourcecode.swift; path = SwiftUIExtensions.swift; sourceTree = "<group>"; };
		192667E225EB9E6E00A5ABFE /* NavigationStack.swift */ = {isa = PBXFileReference; lastKnownFileType = sourcecode.swift; path = NavigationStack.swift; sourceTree = "<group>"; };
		192667EA25EBA4AE00A5ABFE /* EditImageCell.swift */ = {isa = PBXFileReference; lastKnownFileType = sourcecode.swift; path = EditImageCell.swift; sourceTree = "<group>"; };
		192667ED25EBA4E300A5ABFE /* EditCellDataSource.swift */ = {isa = PBXFileReference; lastKnownFileType = sourcecode.swift; path = EditCellDataSource.swift; sourceTree = "<group>"; };
		192667F025EBA60700A5ABFE /* Images.xcassets */ = {isa = PBXFileReference; lastKnownFileType = folder.assetcatalog; path = Images.xcassets; sourceTree = "<group>"; };
		192667F325EBA7CD00A5ABFE /* EditToolCell.swift */ = {isa = PBXFileReference; lastKnownFileType = sourcecode.swift; path = EditToolCell.swift; sourceTree = "<group>"; };
		192667F625EBA81000A5ABFE /* EditToolCellDataSource.swift */ = {isa = PBXFileReference; lastKnownFileType = sourcecode.swift; path = EditToolCellDataSource.swift; sourceTree = "<group>"; };
		192667FA25EBA92500A5ABFE /* EditTool.swift */ = {isa = PBXFileReference; lastKnownFileType = sourcecode.swift; path = EditTool.swift; sourceTree = "<group>"; };
		1926680025EBB84F00A5ABFE /* PhotoCollectionView.swift */ = {isa = PBXFileReference; lastKnownFileType = sourcecode.swift; path = PhotoCollectionView.swift; sourceTree = "<group>"; };
		1926680525EBB89300A5ABFE /* PhotoCollectionDataSource.swift */ = {isa = PBXFileReference; lastKnownFileType = sourcecode.swift; path = PhotoCollectionDataSource.swift; sourceTree = "<group>"; };
		1926680B25EBC85C00A5ABFE /* CustomProgressView.swift */ = {isa = PBXFileReference; lastKnownFileType = sourcecode.swift; path = CustomProgressView.swift; sourceTree = "<group>"; };
		1926680E25EBC8D800A5ABFE /* CustomProgressConfig.swift */ = {isa = PBXFileReference; lastKnownFileType = sourcecode.swift; path = CustomProgressConfig.swift; sourceTree = "<group>"; };
		1978BCCE25D7E3160043572B /* Scanverter.app */ = {isa = PBXFileReference; explicitFileType = wrapper.application; includeInIndex = 0; path = Scanverter.app; sourceTree = BUILT_PRODUCTS_DIR; };
		1978BCD125D7E3160043572B /* ScanverterApp.swift */ = {isa = PBXFileReference; lastKnownFileType = sourcecode.swift; path = ScanverterApp.swift; sourceTree = "<group>"; };
		1978BCD325D7E3160043572B /* MainTabBarView.swift */ = {isa = PBXFileReference; lastKnownFileType = sourcecode.swift; path = MainTabBarView.swift; sourceTree = "<group>"; };
		1978BCD525D7E3180043572B /* Assets.xcassets */ = {isa = PBXFileReference; lastKnownFileType = folder.assetcatalog; path = Assets.xcassets; sourceTree = "<group>"; };
		1978BCD825D7E3180043572B /* Preview Assets.xcassets */ = {isa = PBXFileReference; lastKnownFileType = folder.assetcatalog; path = "Preview Assets.xcassets"; sourceTree = "<group>"; };
		1978BCDA25D7E3180043572B /* Info.plist */ = {isa = PBXFileReference; lastKnownFileType = text.plist.xml; path = Info.plist; sourceTree = "<group>"; };
		19AB4C8D25F4E729009895B7 /* DocFile.swift */ = {isa = PBXFileReference; lastKnownFileType = sourcecode.swift; path = DocFile.swift; sourceTree = "<group>"; };
		19AB4C9125F52D92009895B7 /* DocsDataSource.swift */ = {isa = PBXFileReference; lastKnownFileType = sourcecode.swift; path = DocsDataSource.swift; sourceTree = "<group>"; };
		19AB4C9425F54079009895B7 /* FileGridCell.swift */ = {isa = PBXFileReference; lastKnownFileType = sourcecode.swift; path = FileGridCell.swift; sourceTree = "<group>"; };
		19AB4C9725F540A4009895B7 /* FileCellDataSource.swift */ = {isa = PBXFileReference; lastKnownFileType = sourcecode.swift; path = FileCellDataSource.swift; sourceTree = "<group>"; };
		19AB4C9A25F541D1009895B7 /* FileListCell.swift */ = {isa = PBXFileReference; lastKnownFileType = sourcecode.swift; path = FileListCell.swift; sourceTree = "<group>"; };
		19AB4C9D25F547F5009895B7 /* PDFViewer.swift */ = {isa = PBXFileReference; lastKnownFileType = sourcecode.swift; path = PDFViewer.swift; sourceTree = "<group>"; };
		19F7EB9125F57A470079C0B5 /* TextScannerView.swift */ = {isa = PBXFileReference; lastKnownFileType = sourcecode.swift; path = TextScannerView.swift; sourceTree = "<group>"; };
		19F7EB9425F57AAA0079C0B5 /* TextRecognizer.swift */ = {isa = PBXFileReference; lastKnownFileType = sourcecode.swift; path = TextRecognizer.swift; sourceTree = "<group>"; };
		19F7EB9725F57B3B0079C0B5 /* TextRecognizerScreen.swift */ = {isa = PBXFileReference; lastKnownFileType = sourcecode.swift; path = TextRecognizerScreen.swift; sourceTree = "<group>"; };
		19F7EB9A25F6558D0079C0B5 /* SearchBar.swift */ = {isa = PBXFileReference; lastKnownFileType = sourcecode.swift; path = SearchBar.swift; sourceTree = "<group>"; };
		19F7EB9D25F655D50079C0B5 /* ModalSearchScreen.swift */ = {isa = PBXFileReference; lastKnownFileType = sourcecode.swift; path = ModalSearchScreen.swift; sourceTree = "<group>"; };
		19F7EBA025F656870079C0B5 /* SearchDataSource.swift */ = {isa = PBXFileReference; lastKnownFileType = sourcecode.swift; path = SearchDataSource.swift; sourceTree = "<group>"; };
		19F7EBA325F685CE0079C0B5 /* Option.swift */ = {isa = PBXFileReference; lastKnownFileType = sourcecode.swift; path = Option.swift; sourceTree = "<group>"; };
		19F7EBA625F6862D0079C0B5 /* SettingsDataSource.swift */ = {isa = PBXFileReference; lastKnownFileType = sourcecode.swift; path = SettingsDataSource.swift; sourceTree = "<group>"; };
		19F7EBAA25F686AB0079C0B5 /* SettingsScreen.swift */ = {isa = PBXFileReference; lastKnownFileType = sourcecode.swift; path = SettingsScreen.swift; sourceTree = "<group>"; };
		19F7EBAE25F687530079C0B5 /* SettingsViews.swift */ = {isa = PBXFileReference; lastKnownFileType = sourcecode.swift; path = SettingsViews.swift; sourceTree = "<group>"; };
		19F7EBB225F687C90079C0B5 /* ActivityIndicator.swift */ = {isa = PBXFileReference; lastKnownFileType = sourcecode.swift; path = ActivityIndicator.swift; sourceTree = "<group>"; };
/* End PBXFileReference section */

/* Begin PBXFrameworksBuildPhase section */
		1978BCCB25D7E3160043572B /* Frameworks */ = {
			isa = PBXFrameworksBuildPhase;
			buildActionMask = 2147483647;
			files = (
				196C064A25FD25D900439DBB /* PopupView in Frameworks */,
				1926672E25EA482700A5ABFE /* SwiftyTesseract in Frameworks */,
				1926681325EBC99700A5ABFE /* SwiftUIVisualEffects in Frameworks */,
				1911DCA325EBE1FF003668F3 /* ExyteGrid in Frameworks */,
			);
			runOnlyForDeploymentPostprocessing = 0;
		};
/* End PBXFrameworksBuildPhase section */

/* Begin PBXGroup section */
		1911DCAB25EBE390003668F3 /* ViewModels */ = {
			isa = PBXGroup;
			children = (
				1911DCAC25EBE3E8003668F3 /* EditorTabBarDataSource.swift */,
			);
			path = ViewModels;
			sourceTree = "<group>";
		};
		1911DCC125EC63DB003668F3 /* DataSources */ = {
			isa = PBXGroup;
			children = (
				1911DCBA25EC5967003668F3 /* FoldersDataSource.swift */,
				19AB4C9125F52D92009895B7 /* DocsDataSource.swift */,
				19F7EB9425F57AAA0079C0B5 /* TextRecognizer.swift */,
				19F7EBA025F656870079C0B5 /* SearchDataSource.swift */,
				19F7EBA625F6862D0079C0B5 /* SettingsDataSource.swift */,
			);
			path = DataSources;
			sourceTree = "<group>";
		};
		1911DCC425EC6408003668F3 /* Screens */ = {
			isa = PBXGroup;
			children = (
				1926675925EA6B1300A5ABFE /* CurrentScreen.swift */,
				1926675C25EA6B4D00A5ABFE /* FoldersScreen.swift */,
				1926676225EA6BE200A5ABFE /* SettingsScreenTempleate.swift */,
				1978BCD325D7E3160043572B /* MainTabBarView.swift */,
				1911DCBD25EC625D003668F3 /* FolderDetailScreen.swift */,
				19F7EBAA25F686AB0079C0B5 /* SettingsScreen.swift */,
			);
			path = Screens;
			sourceTree = "<group>";
		};
		1926673425EA50F300A5ABFE /* Views */ = {
			isa = PBXGroup;
			children = (
				19F7EBAD25F687320079C0B5 /* Settings */,
				1926679925EAA54600A5ABFE /* Alerts */,
				192667A025EAB38400A5ABFE /* Camera */,
				1926678725EA9A4500A5ABFE /* Collections */,
				1926680A25EBC81900A5ABFE /* CustomViews */,
				192667E625EBA2D300A5ABFE /* Main */,
				192667E825EBA2E100A5ABFE /* Modals */,
				192667E125EB9E5E00A5ABFE /* Navigation */,
				192667BD25EACE2800A5ABFE /* Protocols */,
				1926673525EA510300A5ABFE /* Tabs */,
			);
			path = Views;
			sourceTree = "<group>";
		};
		1926673525EA510300A5ABFE /* Tabs */ = {
			isa = PBXGroup;
			children = (
				1911DCAB25EBE390003668F3 /* ViewModels */,
				1926673B25EA526600A5ABFE /* TabBarItem.swift */,
				1926673F25EA594000A5ABFE /* TabBar.swift */,
				1926674F25EA690D00A5ABFE /* Tab.swift */,
				1926675625EA6A4400A5ABFE /* ModalScreenShowTabButton.swift */,
				1911DCA825EBE345003668F3 /* EditorTabBar.swift */,
			);
			path = Tabs;
			sourceTree = "<group>";
		};
		1926674225EA59B000A5ABFE /* Helpers */ = {
			isa = PBXGroup;
			children = (
				1926674325EA59C200A5ABFE /* Constants.swift */,
				1926676B25EA811200A5ABFE /* DataManager.swift */,
				192667A525EAC6CA00A5ABFE /* ImageResizer.swift */,
				192667D125EB01D600A5ABFE /* PDFGenerator.swift */,
				192667B325EAC94E00A5ABFE /* PhotoCaptureHandler.swift */,
				192667DE25EB9D0C00A5ABFE /* SwiftUIExtensions.swift */,
				1926679325EA9C8800A5ABFE /* UIKitExtensions.swift */,
				192667CE25EAF90400A5ABFE /* VNRectangleFeature.swift */,
			);
			path = Helpers;
			sourceTree = "<group>";
		};
		1926676625EA80AA00A5ABFE /* Models */ = {
			isa = PBXGroup;
			children = (
				192667BA25EACAE200A5ABFE /* AlertError.swift */,
				192667FA25EBA92500A5ABFE /* EditTool.swift */,
				1926676725EA80BA00A5ABFE /* Folder.swift */,
				19AB4C8D25F4E729009895B7 /* DocFile.swift */,
				1926678425EA972400A5ABFE /* PDF.swift */,
				192667B725EACA9800A5ABFE /* Photo.swift */,
				1926678125EA96B900A5ABFE /* ScannedDoc.swift */,
				19F7EBA325F685CE0079C0B5 /* Option.swift */,
			);
			path = Models;
			sourceTree = "<group>";
		};
		1926676E25EA940B00A5ABFE /* Services */ = {
			isa = PBXGroup;
			children = (
				192667D725EB082F00A5ABFE /* BiometricAuthentication.swift */,
				192667A225EAC69100A5ABFE /* CameraService.swift */,
				1926677525EA94B000A5ABFE /* ServiceLocator.swift */,
			);
			path = Services;
			sourceTree = "<group>";
		};
		1926677925EA94EC00A5ABFE /* System */ = {
			isa = PBXGroup;
			children = (
				1926677A25EA950600A5ABFE /* AppContainer.swift */,
				1978BCD125D7E3160043572B /* ScanverterApp.swift */,
			);
			path = System;
			sourceTree = "<group>";
		};
		1926677F25EA953400A5ABFE /* SupportingFiles */ = {
			isa = PBXGroup;
			children = (
				1978BCD525D7E3180043572B /* Assets.xcassets */,
				1978BCDA25D7E3180043572B /* Info.plist */,
				192667F025EBA60700A5ABFE /* Images.xcassets */,
			);
			path = SupportingFiles;
			sourceTree = "<group>";
		};
		1926678725EA9A4500A5ABFE /* Collections */ = {
			isa = PBXGroup;
			children = (
				1926678B25EA9B6400A5ABFE /* Cells */,
				192667FF25EBB7A800A5ABFE /* Custom */,
				1926678F25EA9BB800A5ABFE /* DataSource */,
				192667FD25EBB79D00A5ABFE /* Generic */,
			);
			path = Collections;
			sourceTree = "<group>";
		};
		1926678B25EA9B6400A5ABFE /* Cells */ = {
			isa = PBXGroup;
			children = (
				192667EA25EBA4AE00A5ABFE /* EditImageCell.swift */,
				192667F325EBA7CD00A5ABFE /* EditToolCell.swift */,
				1926678C25EA9B7E00A5ABFE /* GridCell.swift */,
				1926679625EAA2B800A5ABFE /* ListCell.swift */,
				19AB4C9425F54079009895B7 /* FileGridCell.swift */,
				19AB4C9A25F541D1009895B7 /* FileListCell.swift */,
			);
			path = Cells;
			sourceTree = "<group>";
		};
		1926678F25EA9BB800A5ABFE /* DataSource */ = {
			isa = PBXGroup;
			children = (
				192667ED25EBA4E300A5ABFE /* EditCellDataSource.swift */,
				192667F625EBA81000A5ABFE /* EditToolCellDataSource.swift */,
				1926679025EA9BCC00A5ABFE /* FolderCellDataSource.swift */,
				19AB4C9725F540A4009895B7 /* FileCellDataSource.swift */,
			);
			path = DataSource;
			sourceTree = "<group>";
		};
		1926679925EAA54600A5ABFE /* Alerts */ = {
			isa = PBXGroup;
			children = (
				1926679A25EAA56200A5ABFE /* CreateFolderView.swift */,
				1911DCB425EC35F3003668F3 /* CustomAlert.swift */,
			);
			path = Alerts;
			sourceTree = "<group>";
		};
		192667A025EAB38400A5ABFE /* Camera */ = {
			isa = PBXGroup;
			children = (
				192667AB25EAC7EA00A5ABFE /* ViewModels */,
				192667A825EAC7B800A5ABFE /* CameraPreview.swift */,
				192667B025EAC85400A5ABFE /* CameraView.swift */,
			);
			path = Camera;
			sourceTree = "<group>";
		};
		192667AB25EAC7EA00A5ABFE /* ViewModels */ = {
			isa = PBXGroup;
			children = (
				192667AC25EAC7FE00A5ABFE /* CameraViewModel.swift */,
			);
			path = ViewModels;
			sourceTree = "<group>";
		};
		192667BD25EACE2800A5ABFE /* Protocols */ = {
			isa = PBXGroup;
			children = (
				192667BF25EACE5500A5ABFE /* ContainerView.swift */,
			);
			path = Protocols;
			sourceTree = "<group>";
		};
		192667E125EB9E5E00A5ABFE /* Navigation */ = {
			isa = PBXGroup;
			children = (
				1926675F25EA6B9400A5ABFE /* ScreenDetails.swift */,
				192667E225EB9E6E00A5ABFE /* NavigationStack.swift */,
			);
			path = Navigation;
			sourceTree = "<group>";
		};
		192667E625EBA2D300A5ABFE /* Main */ = {
			isa = PBXGroup;
			children = (
				1911DCC125EC63DB003668F3 /* DataSources */,
				1911DCC425EC6408003668F3 /* Screens */,
			);
			path = Main;
			sourceTree = "<group>";
		};
		192667E825EBA2E100A5ABFE /* Modals */ = {
			isa = PBXGroup;
			children = (
				19F7EB9D25F655D50079C0B5 /* ModalSearchScreen.swift */,
				19F7EB9725F57B3B0079C0B5 /* TextRecognizerScreen.swift */,
				1926675325EA69C300A5ABFE /* ModalScreen.swift */,
				192667C425EAD85900A5ABFE /* ModalCamera.swift */,
			);
			path = Modals;
			sourceTree = "<group>";
		};
		192667FD25EBB79D00A5ABFE /* Generic */ = {
			isa = PBXGroup;
			children = (
				1926678825EA9A5A00A5ABFE /* CollectionView.swift */,
			);
			path = Generic;
			sourceTree = "<group>";
		};
		192667FF25EBB7A800A5ABFE /* Custom */ = {
			isa = PBXGroup;
			children = (
				1926680325EBB86900A5ABFE /* DataSource */,
				1926680425EBB87500A5ABFE /* Presentation */,
			);
			path = Custom;
			sourceTree = "<group>";
		};
		1926680325EBB86900A5ABFE /* DataSource */ = {
			isa = PBXGroup;
			children = (
				1926680525EBB89300A5ABFE /* PhotoCollectionDataSource.swift */,
			);
			path = DataSource;
			sourceTree = "<group>";
		};
		1926680425EBB87500A5ABFE /* Presentation */ = {
			isa = PBXGroup;
			children = (
				1926680025EBB84F00A5ABFE /* PhotoCollectionView.swift */,
				1911DCA525EBE24F003668F3 /* EditorView.swift */,
				1912373625ED9A3E0021EBE4 /* OCRResultsView.swift */,
			);
			path = Presentation;
			sourceTree = "<group>";
		};
		1926680A25EBC81900A5ABFE /* CustomViews */ = {
			isa = PBXGroup;
			children = (
				1926680B25EBC85C00A5ABFE /* CustomProgressView.swift */,
				1926680E25EBC8D800A5ABFE /* CustomProgressConfig.swift */,
				1912372925ED8A340021EBE4 /* PageView.swift */,
				1912373325ED929F0021EBE4 /* ImagePicker.swift */,
				1912373925ED9B1F0021EBE4 /* CustomTextView.swift */,
				19AB4C9D25F547F5009895B7 /* PDFViewer.swift */,
				19F7EB9125F57A470079C0B5 /* TextScannerView.swift */,
				19F7EB9A25F6558D0079C0B5 /* SearchBar.swift */,
				19F7EBB225F687C90079C0B5 /* ActivityIndicator.swift */,
			);
			path = CustomViews;
			sourceTree = "<group>";
		};
		1978BCC525D7E3160043572B = {
			isa = PBXGroup;
			children = (
				1978BCD025D7E3160043572B /* Scanverter */,
				1978BCCF25D7E3160043572B /* Products */,
			);
			sourceTree = "<group>";
		};
		1978BCCF25D7E3160043572B /* Products */ = {
			isa = PBXGroup;
			children = (
				1978BCCE25D7E3160043572B /* Scanverter.app */,
			);
			name = Products;
			sourceTree = "<group>";
		};
		1978BCD025D7E3160043572B /* Scanverter */ = {
			isa = PBXGroup;
			children = (
				1926674225EA59B000A5ABFE /* Helpers */,
				1926676625EA80AA00A5ABFE /* Models */,
				1978BCD725D7E3180043572B /* Preview Content */,
				1926676E25EA940B00A5ABFE /* Services */,
				1926677F25EA953400A5ABFE /* SupportingFiles */,
				1926677925EA94EC00A5ABFE /* System */,
				1911DCB725EC3E8C003668F3 /* tessdata */,
				1926673425EA50F300A5ABFE /* Views */,
			);
			path = Scanverter;
			sourceTree = "<group>";
		};
		1978BCD725D7E3180043572B /* Preview Content */ = {
			isa = PBXGroup;
			children = (
				1978BCD825D7E3180043572B /* Preview Assets.xcassets */,
			);
			path = "Preview Content";
			sourceTree = "<group>";
		};
		19F7EBAD25F687320079C0B5 /* Settings */ = {
			isa = PBXGroup;
			children = (
				19F7EBAE25F687530079C0B5 /* SettingsViews.swift */,
			);
			path = Settings;
			sourceTree = "<group>";
		};
/* End PBXGroup section */

/* Begin PBXNativeTarget section */
		1978BCCD25D7E3160043572B /* Scanverter */ = {
			isa = PBXNativeTarget;
			buildConfigurationList = 1978BCDD25D7E3180043572B /* Build configuration list for PBXNativeTarget "Scanverter" */;
			buildPhases = (
				1978BCCA25D7E3160043572B /* Sources */,
				1978BCCB25D7E3160043572B /* Frameworks */,
				1978BCCC25D7E3160043572B /* Resources */,
			);
			buildRules = (
			);
			dependencies = (
			);
			name = Scanverter;
			packageProductDependencies = (
				1926672D25EA482700A5ABFE /* SwiftyTesseract */,
				1926681225EBC99700A5ABFE /* SwiftUIVisualEffects */,
				1911DCA225EBE1FF003668F3 /* ExyteGrid */,
				196C064925FD25D900439DBB /* PopupView */,
			);
			productName = Scanverter;
			productReference = 1978BCCE25D7E3160043572B /* Scanverter.app */;
			productType = "com.apple.product-type.application";
		};
/* End PBXNativeTarget section */

/* Begin PBXProject section */
		1978BCC625D7E3160043572B /* Project object */ = {
			isa = PBXProject;
			attributes = {
				LastSwiftUpdateCheck = 1240;
				LastUpgradeCheck = 1240;
				TargetAttributes = {
					1978BCCD25D7E3160043572B = {
						CreatedOnToolsVersion = 12.4;
					};
				};
			};
			buildConfigurationList = 1978BCC925D7E3160043572B /* Build configuration list for PBXProject "Scanverter" */;
			compatibilityVersion = "Xcode 9.3";
			developmentRegion = en;
			hasScannedForEncodings = 0;
			knownRegions = (
				en,
				Base,
			);
			mainGroup = 1978BCC525D7E3160043572B;
			packageReferences = (
				1926672C25EA482700A5ABFE /* XCRemoteSwiftPackageReference "SwiftyTesseract" */,
				1926681125EBC99700A5ABFE /* XCRemoteSwiftPackageReference "swiftui-visual-effects" */,
				1911DCA125EBE1FF003668F3 /* XCRemoteSwiftPackageReference "Grid" */,
				196C064825FD25D900439DBB /* XCRemoteSwiftPackageReference "PopupView" */,
			);
			productRefGroup = 1978BCCF25D7E3160043572B /* Products */;
			projectDirPath = "";
			projectRoot = "";
			targets = (
				1978BCCD25D7E3160043572B /* Scanverter */,
			);
		};
/* End PBXProject section */

/* Begin PBXResourcesBuildPhase section */
		1978BCCC25D7E3160043572B /* Resources */ = {
			isa = PBXResourcesBuildPhase;
			buildActionMask = 2147483647;
			files = (
				192667F125EBA60700A5ABFE /* Images.xcassets in Resources */,
				1911DCB825EC3E8C003668F3 /* tessdata in Resources */,
				1978BCD925D7E3180043572B /* Preview Assets.xcassets in Resources */,
				1978BCD625D7E3180043572B /* Assets.xcassets in Resources */,
			);
			runOnlyForDeploymentPostprocessing = 0;
		};
/* End PBXResourcesBuildPhase section */

/* Begin PBXSourcesBuildPhase section */
		1978BCCA25D7E3160043572B /* Sources */ = {
			isa = PBXSourcesBuildPhase;
			buildActionMask = 2147483647;
			files = (
				1911DCBB25EC5967003668F3 /* FoldersDataSource.swift in Sources */,
				192667EE25EBA4E300A5ABFE /* EditCellDataSource.swift in Sources */,
				1978BCD425D7E3160043572B /* MainTabBarView.swift in Sources */,
				19AB4C9225F52D92009895B7 /* DocsDataSource.swift in Sources */,
				19F7EBAB25F686AB0079C0B5 /* SettingsScreen.swift in Sources */,
				19F7EB9525F57AAA0079C0B5 /* TextRecognizer.swift in Sources */,
				1911DCAD25EBE3E8003668F3 /* EditorTabBarDataSource.swift in Sources */,
				19F7EBA125F656870079C0B5 /* SearchDataSource.swift in Sources */,
				19F7EBA725F6862D0079C0B5 /* SettingsDataSource.swift in Sources */,
				1926677B25EA950600A5ABFE /* AppContainer.swift in Sources */,
				1926675425EA69C300A5ABFE /* ModalScreen.swift in Sources */,
				192667A925EAC7B800A5ABFE /* CameraPreview.swift in Sources */,
				1926675D25EA6B4D00A5ABFE /* FoldersScreen.swift in Sources */,
				1926676C25EA811200A5ABFE /* DataManager.swift in Sources */,
				1926676025EA6B9400A5ABFE /* ScreenDetails.swift in Sources */,
				1926678925EA9A5A00A5ABFE /* CollectionView.swift in Sources */,
				19F7EBB325F687C90079C0B5 /* ActivityIndicator.swift in Sources */,
				1926680C25EBC85C00A5ABFE /* CustomProgressView.swift in Sources */,
				192667F725EBA81000A5ABFE /* EditToolCellDataSource.swift in Sources */,
				1926680F25EBC8D800A5ABFE /* CustomProgressConfig.swift in Sources */,
				1926675A25EA6B1300A5ABFE /* CurrentScreen.swift in Sources */,
				1926677625EA94B000A5ABFE /* ServiceLocator.swift in Sources */,
				1926679425EA9C8800A5ABFE /* UIKitExtensions.swift in Sources */,
				1926676825EA80BA00A5ABFE /* Folder.swift in Sources */,
				1926679125EA9BCC00A5ABFE /* FolderCellDataSource.swift in Sources */,
				192667BB25EACAE200A5ABFE /* AlertError.swift in Sources */,
				1912373725ED9A3E0021EBE4 /* OCRResultsView.swift in Sources */,
				192667C525EAD85900A5ABFE /* ModalCamera.swift in Sources */,
				192667B125EAC85400A5ABFE /* CameraView.swift in Sources */,
				1978BCD225D7E3160043572B /* ScanverterApp.swift in Sources */,
				1926678525EA972400A5ABFE /* PDF.swift in Sources */,
				19F7EB9225F57A470079C0B5 /* TextScannerView.swift in Sources */,
				1911DCB525EC35F3003668F3 /* CustomAlert.swift in Sources */,
				1926679725EAA2B800A5ABFE /* ListCell.swift in Sources */,
				19AB4C9825F540A4009895B7 /* FileCellDataSource.swift in Sources */,
				192667B825EACA9800A5ABFE /* Photo.swift in Sources */,
				192667CF25EAF90400A5ABFE /* VNRectangleFeature.swift in Sources */,
				19AB4C9B25F541D1009895B7 /* FileListCell.swift in Sources */,
				19AB4C9525F54079009895B7 /* FileGridCell.swift in Sources */,
				1926680625EBB89300A5ABFE /* PhotoCollectionDataSource.swift in Sources */,
				192667DF25EB9D0C00A5ABFE /* SwiftUIExtensions.swift in Sources */,
				1912372A25ED8A340021EBE4 /* PageView.swift in Sources */,
				19AB4C8E25F4E729009895B7 /* DocFile.swift in Sources */,
				192667A325EAC69100A5ABFE /* CameraService.swift in Sources */,
				192667C025EACE5500A5ABFE /* ContainerView.swift in Sources */,
				192667F425EBA7CD00A5ABFE /* EditToolCell.swift in Sources */,
				1926676325EA6BE200A5ABFE /* SettingsScreenTempleate.swift in Sources */,
				192667E325EB9E6E00A5ABFE /* NavigationStack.swift in Sources */,
				1926675725EA6A4400A5ABFE /* ModalScreenShowTabButton.swift in Sources */,
				1926678225EA96B900A5ABFE /* ScannedDoc.swift in Sources */,
				192667D225EB01D600A5ABFE /* PDFGenerator.swift in Sources */,
				1911DCBE25EC625D003668F3 /* FolderDetailScreen.swift in Sources */,
				1926673C25EA526600A5ABFE /* TabBarItem.swift in Sources */,
				19F7EB9B25F6558D0079C0B5 /* SearchBar.swift in Sources */,
				192667FB25EBA92500A5ABFE /* EditTool.swift in Sources */,
				1926674025EA594000A5ABFE /* TabBar.swift in Sources */,
				1911DCA625EBE24F003668F3 /* EditorView.swift in Sources */,
				1926679B25EAA56200A5ABFE /* CreateFolderView.swift in Sources */,
				1912373425ED929F0021EBE4 /* ImagePicker.swift in Sources */,
				19F7EB9825F57B3B0079C0B5 /* TextRecognizerScreen.swift in Sources */,
				19F7EBA425F685CE0079C0B5 /* Option.swift in Sources */,
				1926674425EA59C200A5ABFE /* Constants.swift in Sources */,
				1926675025EA690D00A5ABFE /* Tab.swift in Sources */,
				19AB4C9E25F547F5009895B7 /* PDFViewer.swift in Sources */,
				192667B425EAC94E00A5ABFE /* PhotoCaptureHandler.swift in Sources */,
				192667D825EB082F00A5ABFE /* BiometricAuthentication.swift in Sources */,
				192667AD25EAC7FE00A5ABFE /* CameraViewModel.swift in Sources */,
				1912373A25ED9B1F0021EBE4 /* CustomTextView.swift in Sources */,
				19F7EBAF25F687530079C0B5 /* SettingsViews.swift in Sources */,
				1926680125EBB84F00A5ABFE /* PhotoCollectionView.swift in Sources */,
				19F7EB9E25F655D50079C0B5 /* ModalSearchScreen.swift in Sources */,
				1911DCA925EBE345003668F3 /* EditorTabBar.swift in Sources */,
				192667A625EAC6CA00A5ABFE /* ImageResizer.swift in Sources */,
				1926678D25EA9B7E00A5ABFE /* GridCell.swift in Sources */,
				192667EB25EBA4AE00A5ABFE /* EditImageCell.swift in Sources */,
			);
			runOnlyForDeploymentPostprocessing = 0;
		};
/* End PBXSourcesBuildPhase section */

/* Begin XCBuildConfiguration section */
		1978BCDB25D7E3180043572B /* Debug */ = {
			isa = XCBuildConfiguration;
			buildSettings = {
				ALWAYS_SEARCH_USER_PATHS = NO;
				CLANG_ANALYZER_NONNULL = YES;
				CLANG_ANALYZER_NUMBER_OBJECT_CONVERSION = YES_AGGRESSIVE;
				CLANG_CXX_LANGUAGE_STANDARD = "gnu++14";
				CLANG_CXX_LIBRARY = "libc++";
				CLANG_ENABLE_MODULES = YES;
				CLANG_ENABLE_OBJC_ARC = YES;
				CLANG_ENABLE_OBJC_WEAK = YES;
				CLANG_WARN_BLOCK_CAPTURE_AUTORELEASING = YES;
				CLANG_WARN_BOOL_CONVERSION = YES;
				CLANG_WARN_COMMA = YES;
				CLANG_WARN_CONSTANT_CONVERSION = YES;
				CLANG_WARN_DEPRECATED_OBJC_IMPLEMENTATIONS = YES;
				CLANG_WARN_DIRECT_OBJC_ISA_USAGE = YES_ERROR;
				CLANG_WARN_DOCUMENTATION_COMMENTS = YES;
				CLANG_WARN_EMPTY_BODY = YES;
				CLANG_WARN_ENUM_CONVERSION = YES;
				CLANG_WARN_INFINITE_RECURSION = YES;
				CLANG_WARN_INT_CONVERSION = YES;
				CLANG_WARN_NON_LITERAL_NULL_CONVERSION = YES;
				CLANG_WARN_OBJC_IMPLICIT_RETAIN_SELF = YES;
				CLANG_WARN_OBJC_LITERAL_CONVERSION = YES;
				CLANG_WARN_OBJC_ROOT_CLASS = YES_ERROR;
				CLANG_WARN_QUOTED_INCLUDE_IN_FRAMEWORK_HEADER = YES;
				CLANG_WARN_RANGE_LOOP_ANALYSIS = YES;
				CLANG_WARN_STRICT_PROTOTYPES = YES;
				CLANG_WARN_SUSPICIOUS_MOVE = YES;
				CLANG_WARN_UNGUARDED_AVAILABILITY = YES_AGGRESSIVE;
				CLANG_WARN_UNREACHABLE_CODE = YES;
				CLANG_WARN__DUPLICATE_METHOD_MATCH = YES;
				COPY_PHASE_STRIP = NO;
				DEBUG_INFORMATION_FORMAT = dwarf;
				ENABLE_STRICT_OBJC_MSGSEND = YES;
				ENABLE_TESTABILITY = YES;
				GCC_C_LANGUAGE_STANDARD = gnu11;
				GCC_DYNAMIC_NO_PIC = NO;
				GCC_NO_COMMON_BLOCKS = YES;
				GCC_OPTIMIZATION_LEVEL = 0;
				GCC_PREPROCESSOR_DEFINITIONS = (
					"DEBUG=1",
					"$(inherited)",
				);
				GCC_WARN_64_TO_32_BIT_CONVERSION = YES;
				GCC_WARN_ABOUT_RETURN_TYPE = YES_ERROR;
				GCC_WARN_UNDECLARED_SELECTOR = YES;
				GCC_WARN_UNINITIALIZED_AUTOS = YES_AGGRESSIVE;
				GCC_WARN_UNUSED_FUNCTION = YES;
				GCC_WARN_UNUSED_VARIABLE = YES;
				IPHONEOS_DEPLOYMENT_TARGET = 14.4;
				MTL_ENABLE_DEBUG_INFO = INCLUDE_SOURCE;
				MTL_FAST_MATH = YES;
				ONLY_ACTIVE_ARCH = YES;
				SDKROOT = iphoneos;
				SWIFT_ACTIVE_COMPILATION_CONDITIONS = DEBUG;
				SWIFT_OPTIMIZATION_LEVEL = "-Onone";
			};
			name = Debug;
		};
		1978BCDC25D7E3180043572B /* Release */ = {
			isa = XCBuildConfiguration;
			buildSettings = {
				ALWAYS_SEARCH_USER_PATHS = NO;
				CLANG_ANALYZER_NONNULL = YES;
				CLANG_ANALYZER_NUMBER_OBJECT_CONVERSION = YES_AGGRESSIVE;
				CLANG_CXX_LANGUAGE_STANDARD = "gnu++14";
				CLANG_CXX_LIBRARY = "libc++";
				CLANG_ENABLE_MODULES = YES;
				CLANG_ENABLE_OBJC_ARC = YES;
				CLANG_ENABLE_OBJC_WEAK = YES;
				CLANG_WARN_BLOCK_CAPTURE_AUTORELEASING = YES;
				CLANG_WARN_BOOL_CONVERSION = YES;
				CLANG_WARN_COMMA = YES;
				CLANG_WARN_CONSTANT_CONVERSION = YES;
				CLANG_WARN_DEPRECATED_OBJC_IMPLEMENTATIONS = YES;
				CLANG_WARN_DIRECT_OBJC_ISA_USAGE = YES_ERROR;
				CLANG_WARN_DOCUMENTATION_COMMENTS = YES;
				CLANG_WARN_EMPTY_BODY = YES;
				CLANG_WARN_ENUM_CONVERSION = YES;
				CLANG_WARN_INFINITE_RECURSION = YES;
				CLANG_WARN_INT_CONVERSION = YES;
				CLANG_WARN_NON_LITERAL_NULL_CONVERSION = YES;
				CLANG_WARN_OBJC_IMPLICIT_RETAIN_SELF = YES;
				CLANG_WARN_OBJC_LITERAL_CONVERSION = YES;
				CLANG_WARN_OBJC_ROOT_CLASS = YES_ERROR;
				CLANG_WARN_QUOTED_INCLUDE_IN_FRAMEWORK_HEADER = YES;
				CLANG_WARN_RANGE_LOOP_ANALYSIS = YES;
				CLANG_WARN_STRICT_PROTOTYPES = YES;
				CLANG_WARN_SUSPICIOUS_MOVE = YES;
				CLANG_WARN_UNGUARDED_AVAILABILITY = YES_AGGRESSIVE;
				CLANG_WARN_UNREACHABLE_CODE = YES;
				CLANG_WARN__DUPLICATE_METHOD_MATCH = YES;
				COPY_PHASE_STRIP = NO;
				DEBUG_INFORMATION_FORMAT = "dwarf-with-dsym";
				ENABLE_NS_ASSERTIONS = NO;
				ENABLE_STRICT_OBJC_MSGSEND = YES;
				GCC_C_LANGUAGE_STANDARD = gnu11;
				GCC_NO_COMMON_BLOCKS = YES;
				GCC_WARN_64_TO_32_BIT_CONVERSION = YES;
				GCC_WARN_ABOUT_RETURN_TYPE = YES_ERROR;
				GCC_WARN_UNDECLARED_SELECTOR = YES;
				GCC_WARN_UNINITIALIZED_AUTOS = YES_AGGRESSIVE;
				GCC_WARN_UNUSED_FUNCTION = YES;
				GCC_WARN_UNUSED_VARIABLE = YES;
				IPHONEOS_DEPLOYMENT_TARGET = 14.4;
				MTL_ENABLE_DEBUG_INFO = NO;
				MTL_FAST_MATH = YES;
				SDKROOT = iphoneos;
				SWIFT_COMPILATION_MODE = wholemodule;
				SWIFT_OPTIMIZATION_LEVEL = "-O";
				VALIDATE_PRODUCT = YES;
			};
			name = Release;
		};
		1978BCDE25D7E3180043572B /* Debug */ = {
			isa = XCBuildConfiguration;
			buildSettings = {
				ASSETCATALOG_COMPILER_APPICON_NAME = AppIcon;
				ASSETCATALOG_COMPILER_GLOBAL_ACCENT_COLOR_NAME = AccentColor;
				CODE_SIGN_IDENTITY = "Apple Development";
				CODE_SIGN_STYLE = Automatic;
				DEVELOPMENT_ASSET_PATHS = "\"Scanverter/Preview Content\"";
				DEVELOPMENT_TEAM = 7VAGZXD78P;
				ENABLE_PREVIEWS = YES;
				GCC_PREPROCESSOR_DEFINITIONS = "DEBUG=1";
				INFOPLIST_FILE = Scanverter/SupportingFiles/Info.plist;
				IPHONEOS_DEPLOYMENT_TARGET = 14.0;
				LD_RUNPATH_SEARCH_PATHS = (
					"$(inherited)",
					"@executable_path/Frameworks",
				);
				PRODUCT_BUNDLE_IDENTIFIER = ru.kot.it.Scanverter;
				PRODUCT_NAME = "$(TARGET_NAME)";
				PROVISIONING_PROFILE_SPECIFIER = "";
				SWIFT_VERSION = 5.0;
				TARGETED_DEVICE_FAMILY = "1,2";
			};
			name = Debug;
		};
		1978BCDF25D7E3180043572B /* Release */ = {
			isa = XCBuildConfiguration;
			buildSettings = {
				ASSETCATALOG_COMPILER_APPICON_NAME = AppIcon;
				ASSETCATALOG_COMPILER_GLOBAL_ACCENT_COLOR_NAME = AccentColor;
				CODE_SIGN_IDENTITY = "Apple Development";
				CODE_SIGN_STYLE = Automatic;
				DEVELOPMENT_ASSET_PATHS = "\"Scanverter/Preview Content\"";
				DEVELOPMENT_TEAM = 7VAGZXD78P;
				ENABLE_PREVIEWS = YES;
				GCC_PREPROCESSOR_DEFINITIONS = "";
				INFOPLIST_FILE = Scanverter/SupportingFiles/Info.plist;
				IPHONEOS_DEPLOYMENT_TARGET = 14.0;
				LD_RUNPATH_SEARCH_PATHS = (
					"$(inherited)",
					"@executable_path/Frameworks",
				);
				PRODUCT_BUNDLE_IDENTIFIER = ru.kot.it.Scanverter;
				PRODUCT_NAME = "$(TARGET_NAME)";
				PROVISIONING_PROFILE_SPECIFIER = "";
				SWIFT_VERSION = 5.0;
				TARGETED_DEVICE_FAMILY = "1,2";
			};
			name = Release;
		};
/* End XCBuildConfiguration section */

/* Begin XCConfigurationList section */
		1978BCC925D7E3160043572B /* Build configuration list for PBXProject "Scanverter" */ = {
			isa = XCConfigurationList;
			buildConfigurations = (
				1978BCDB25D7E3180043572B /* Debug */,
				1978BCDC25D7E3180043572B /* Release */,
			);
			defaultConfigurationIsVisible = 0;
			defaultConfigurationName = Release;
		};
		1978BCDD25D7E3180043572B /* Build configuration list for PBXNativeTarget "Scanverter" */ = {
			isa = XCConfigurationList;
			buildConfigurations = (
				1978BCDE25D7E3180043572B /* Debug */,
				1978BCDF25D7E3180043572B /* Release */,
			);
			defaultConfigurationIsVisible = 0;
			defaultConfigurationName = Release;
		};
/* End XCConfigurationList section */

/* Begin XCRemoteSwiftPackageReference section */
		1911DCA125EBE1FF003668F3 /* XCRemoteSwiftPackageReference "Grid" */ = {
			isa = XCRemoteSwiftPackageReference;
			repositoryURL = "https://github.com/exyte/Grid";
			requirement = {
				kind = upToNextMajorVersion;
				minimumVersion = 1.1.0;
			};
		};
		1926672C25EA482700A5ABFE /* XCRemoteSwiftPackageReference "SwiftyTesseract" */ = {
			isa = XCRemoteSwiftPackageReference;
			repositoryURL = "https://github.com/dartsyms/SwiftyTesseract";
			requirement = {
				kind = upToNextMajorVersion;
				minimumVersion = 4.0.0;
			};
		};
		1926681125EBC99700A5ABFE /* XCRemoteSwiftPackageReference "swiftui-visual-effects" */ = {
			isa = XCRemoteSwiftPackageReference;
			repositoryURL = "https://github.com/lucasbrown/swiftui-visual-effects.git";
			requirement = {
				kind = upToNextMajorVersion;
				minimumVersion = 1.0.3;
			};
		};
		196C064825FD25D900439DBB /* XCRemoteSwiftPackageReference "PopupView" */ = {
			isa = XCRemoteSwiftPackageReference;
			repositoryURL = "https://github.com/dartsyms/PopupView";
			requirement = {
				kind = upToNextMajorVersion;
				minimumVersion = 0.0.12;
			};
		};
/* End XCRemoteSwiftPackageReference section */

/* Begin XCSwiftPackageProductDependency section */
		1911DCA225EBE1FF003668F3 /* ExyteGrid */ = {
			isa = XCSwiftPackageProductDependency;
			package = 1911DCA125EBE1FF003668F3 /* XCRemoteSwiftPackageReference "Grid" */;
			productName = ExyteGrid;
		};
		1926672D25EA482700A5ABFE /* SwiftyTesseract */ = {
			isa = XCSwiftPackageProductDependency;
			package = 1926672C25EA482700A5ABFE /* XCRemoteSwiftPackageReference "SwiftyTesseract" */;
			productName = SwiftyTesseract;
		};
		1926681225EBC99700A5ABFE /* SwiftUIVisualEffects */ = {
			isa = XCSwiftPackageProductDependency;
			package = 1926681125EBC99700A5ABFE /* XCRemoteSwiftPackageReference "swiftui-visual-effects" */;
			productName = SwiftUIVisualEffects;
		};
		196C064925FD25D900439DBB /* PopupView */ = {
			isa = XCSwiftPackageProductDependency;
			package = 196C064825FD25D900439DBB /* XCRemoteSwiftPackageReference "PopupView" */;
			productName = PopupView;
		};
/* End XCSwiftPackageProductDependency section */
	};
	rootObject = 1978BCC625D7E3160043572B /* Project object */;
}
